
Microsoft Visual Studio Solution File, Format Version 12.00
# Visual Studio Version 17
VisualStudioVersion = 17.3.32901.215
MinimumVisualStudioVersion = 10.0.40219.1
Project("{9A19103F-16F7-4668-BE54-9A1E7A4F7556}") = "All in One Wesite", "All in One Wesite\All in One Wesite.csproj", "{B8A0182F-0CCD-49DA-9CBC-6FFA845456F5}"
EndProject
Project("{FAE04EC0-301F-11D3-BF4B-00C04F79EFBC}") = "Windows_application", "Windows_application\Windows_application.csproj", "{EB1F2874-CA21-4F6A-B03B-D20650BF6024}"
EndProject
Project("{FAE04EC0-301F-11D3-BF4B-00C04F79EFBC}") = "_Checking_test_original INV", "_Checking_test_original INV\_Checking_test_original INV.csproj", "{9FE0DE72-217A-45EB-BE77-5EBBAF5E1C7A}"
EndProject
Global
	GlobalSection(SolutionConfigurationPlatforms) = preSolution
		Debug|Any CPU = Debug|Any CPU
		Release|Any CPU = Release|Any CPU
	EndGlobalSection
	GlobalSection(ProjectConfigurationPlatforms) = postSolution
		{B8A0182F-0CCD-49DA-9CBC-6FFA845456F5}.Debug|Any CPU.ActiveCfg = Debug|Any CPU
		{B8A0182F-0CCD-49DA-9CBC-6FFA845456F5}.Debug|Any CPU.Build.0 = Debug|Any CPU
		{B8A0182F-0CCD-49DA-9CBC-6FFA845456F5}.Release|Any CPU.ActiveCfg = Release|Any CPU
		{B8A0182F-0CCD-49DA-9CBC-6FFA845456F5}.Release|Any CPU.Build.0 = Release|Any CPU
		{EB1F2874-CA21-4F6A-B03B-D20650BF6024}.Debug|Any CPU.ActiveCfg = Debug|Any CPU
		{EB1F2874-CA21-4F6A-B03B-D20650BF6024}.Debug|Any CPU.Build.0 = Debug|Any CPU
		{EB1F2874-CA21-4F6A-B03B-D20650BF6024}.Release|Any CPU.ActiveCfg = Release|Any CPU
		{EB1F2874-CA21-4F6A-B03B-D20650BF6024}.Release|Any CPU.Build.0 = Release|Any CPU
		{9FE0DE72-217A-45EB-BE77-5EBBAF5E1C7A}.Debug|Any CPU.ActiveCfg = Debug|Any CPU
		{9FE0DE72-217A-45EB-BE77-5EBBAF5E1C7A}.Debug|Any CPU.Build.0 = Debug|Any CPU
		{9FE0DE72-217A-45EB-BE77-5EBBAF5E1C7A}.Release|Any CPU.ActiveCfg = Release|Any CPU
		{9FE0DE72-217A-45EB-BE77-5EBBAF5E1C7A}.Release|Any CPU.Build.0 = Release|Any CPU
	EndGlobalSection
	GlobalSection(SolutionProperties) = preSolution
		HideSolutionNode = FALSE
	EndGlobalSection
	GlobalSection(ExtensibilityGlobals) = postSolution
		SolutionGuid = {743F384F-8188-4453-8401-881CCC86B226}
	EndGlobalSection
EndGlobal
